{
  "version": "3",
  "packages": {
    "specifiers": {
      "npm:@types/tampermonkey": "npm:@types/tampermonkey@4.20.2"
    },
    "npm": {
      "@types/tampermonkey@4.20.2": {
        "integrity": "sha512-0IkstFCxgopLGCbN77i9esbqRa2u/cymh3N1hGcrPYTBx8p5gPOBvSUPCy06EYI8ExyJIshcq6C4PdMhsnePpw==",
        "dependencies": {}
      }
    }
  },
  "remote": {
    "https://deno.land/std@0.224.0/assert/assert.ts": "09d30564c09de846855b7b071e62b5974b001bb72a4b797958fe0660e7849834",
    "https://deno.land/std@0.224.0/assert/assertion_error.ts": "ba8752bd27ebc51f723702fac2f54d3e94447598f54264a6653d6413738a8917",
    "https://deno.land/std@0.224.0/cli/_data.json": "cf2cc9d039a192b3adbfe64627167c7e6212704c888c25c769fc8f1709e1e1b8",
    "https://deno.land/std@0.224.0/cli/_run_length.ts": "7da8642a0f4f41ac27c0adb1364e18886be856c1d08c5cce6c6b5c00543c8722",
    "https://deno.land/std@0.224.0/cli/mod.ts": "9548eaf4fefac2ab9b02e0f8e4de8a08cac5d24b721a6019452efec172b59de3",
    "https://deno.land/std@0.224.0/cli/parse_args.ts": "5250832fb7c544d9111e8a41ad272c016f5a53f975ef84d5a9fe5fcb70566ece",
    "https://deno.land/std@0.224.0/cli/prompt_secret.ts": "3b2f95214422226482fba4a00cb25441475b6f97069a6f70f442c1c9a16c744c",
    "https://deno.land/std@0.224.0/cli/spinner.ts": "cf873605771270b4324cc063b5031ab250d8efee8799e45e1a3bfdd333ff721d",
    "https://deno.land/std@0.224.0/cli/unicode_width.ts": "656dd4271ecc90684b6bf23a5fb8c1cf833da625ef2906b61273ad617038072f",
    "https://deno.land/x/denoflate@1.2.1/mod.ts": "f5628e44b80b3d80ed525afa2ba0f12408e3849db817d47a883b801f9ce69dd6",
    "https://deno.land/x/denoflate@1.2.1/pkg/denoflate.js": "b9f9ad9457d3f12f28b1fb35c555f57443427f74decb403113d67364e4f2caf4",
    "https://deno.land/x/denoflate@1.2.1/pkg/denoflate_bg.wasm.js": "d581956245407a2115a3d7e8d85a9641c032940a8e810acbd59ca86afd34d44d",
    "https://deno.land/x/esbuild@v0.19.2/mod.js": "d619154b9c1cc70e8ee4b8db94fb01f00767c9e83089c135cede0cd3edd342a0",
    "https://deno.land/x/esbuild@v0.20.2/mod.js": "67c608ee283233f5d0faa322b887356857c547a8e6a00981f798b2cd38e02436"
  }
}
